{
  "object": {
    "pins": [
      {
        "package": "AwaitKit",
        "repositoryURL": "https://github.com/yannickl/AwaitKit.git",
        "state": {
          "branch": null,
          "revision": "743fbf22caa2813436e634fd7bf1fb0ff13751b9",
          "version": "5.2.0"
        }
      },
      {
        "package": "BigInt",
        "repositoryURL": "https://github.com/attaswift/BigInt.git",
        "state": {
          "branch": null,
          "revision": "19f5e8a48be155e34abb98a2bcf4a343316f0343",
          "version": "5.0.0"
        }
      },
      {
        "package": "CryptoSwift",
        "repositoryURL": "https://github.com/krzyzanowskim/CryptoSwift.git",
        "state": {
          "branch": null,
          "revision": "79ac632c85df81f2618dd838fc3869633e163370",
          "version": "1.2.0"
        }
      },
      {
        "package": "PromiseKit",
        "repositoryURL": "https://github.com/mxcl/PromiseKit.git",
        "state": {
          "branch": null,
          "revision": "80963d4317bcdc03891e0fbaa744f20511d1bc08",
          "version": "6.12.0"
        }
      }
    ]
  },
  "version": 1
}
